<?xml version="1.0" encoding="utf-8"?>
<Project ToolsVersion="4.0" xmlns="http://schemas.microsoft.com/developer/msbuild/2003">
  <ItemGroup>
    <Filter Include="Исходные файлы">
      <UniqueIdentifier>{4FC737F1-C7A5-4376-A066-2A32D752A2FF}</UniqueIdentifier>
      <Extensions>cpp;c;cc;cxx;c++;cppm;ixx;def;odl;idl;hpj;bat;asm;asmx</Extensions>
    </Filter>
    <Filter Include="Файлы заголовков">
      <UniqueIdentifier>{93995380-89BD-4b04-88EB-625FBE52EBFB}</UniqueIdentifier>
      <Extensions>h;hh;hpp;hxx;h++;hm;inl;inc;ipp;xsd</Extensions>
    </Filter>
    <Filter Include="Файлы ресурсов">
      <UniqueIdentifier>{67DA6AB6-F800-4c08-8B7A-83BB121AAD01}</UniqueIdentifier>
      <Extensions>rc;ico;cur;bmp;dlg;rc2;rct;bin;rgs;gif;jpg;jpeg;jpe;resx;tiff;tif;png;wav;mfcribbon-ms</Extensions>
    </Filter>
  </ItemGroup>
  <ItemGroup>
    <ClCompile Include="PRAKTIKA.cpp">
      <Filter>Исходные файлы</Filter>
    </ClCompile>
  </ItemGroup>
  <ItemGroup>
    <Text Include="test_pos1.txt" />
    <Text Include="test_pos2.txt" />
    <Text Include="test_pos3.txt" />
    <Text Include="test_pos4.txt" />
    <Text Include="test_pos5.txt" />
    <Text Include="test_pos6.txt" />
    <Text Include="test_pos7.txt" />
    <Text Include="test_pos8.txt" />
    <Text Include="test_pos9.txt" />
    <Text Include="test_pos10.txt" />
    <Text Include="test_neg1.txt" />
    <Text Include="test_neg2.txt" />
    <Text Include="test_neg3.txt" />
    <Text Include="test_neg4.txt" />
    <Text Include="test_neg5.txt" />
    <Text Include="test_neg6.txt" />
    <Text Include="test_neg7.txt" />
    <Text Include="test_neg8.txt" />
    <Text Include="test_neg9.txt" />
    <Text Include="test_neg10.txt" />
  </ItemGroup>
</Project>